// !$*UTF8*$!
{
	archiveVersion = 1;
	classes = {
	};
	objectVersion = 45;
	objects = {

/* Begin PBXBuildFile section */
		1D3623260D0F684500981E51 /* CoffeeSnobAppDelegate.m in Sources */ = {isa = PBXBuildFile; fileRef = 1D3623250D0F684500981E51 /* CoffeeSnobAppDelegate.m */; };
		1D60589B0D05DD56006BFB54 /* main.m in Sources */ = {isa = PBXBuildFile; fileRef = 29B97316FDCFA39411CA2CEA /* main.m */; };
		1D60589F0D05DD5A006BFB54 /* Foundation.framework in Frameworks */ = {isa = PBXBuildFile; fileRef = 1D30AB110D05D00D00671497 /* Foundation.framework */; };
		1DF5F4E00D08C38300B7A737 /* UIKit.framework in Frameworks */ = {isa = PBXBuildFile; fileRef = 1DF5F4DF0D08C38300B7A737 /* UIKit.framework */; };
		28216C970DB411BC00E5133A /* MainViewController.m in Sources */ = {isa = PBXBuildFile; fileRef = 28216C960DB411BC00E5133A /* MainViewController.m */; };
		288765080DF74369002DB57D /* CoreGraphics.framework in Frameworks */ = {isa = PBXBuildFile; fileRef = 288765070DF74369002DB57D /* CoreGraphics.framework */; };
		28AD73880D9D96C1002E5188 /* MainWindow.xib in Resources */ = {isa = PBXBuildFile; fileRef = 28AD73870D9D96C1002E5188 /* MainWindow.xib */; };
		3D1CF513113317A50009F2A3 /* CoffeeShopMap.m in Sources */ = {isa = PBXBuildFile; fileRef = 3D1CF512113317A50009F2A3 /* CoffeeShopMap.m */; };
		3D2FBE42113AE7D6002FD2AD /* CoffeeShopView.m in Sources */ = {isa = PBXBuildFile; fileRef = 3D2FBE41113AE7D6002FD2AD /* CoffeeShopView.m */; };
		3D2FC052113B0D9B002FD2AD /* tina, we salute you.jpg in Resources */ = {isa = PBXBuildFile; fileRef = 3D2FC051113B0D9B002FD2AD /* tina, we salute you.jpg */; };
		3D2FC054113B0DA1002FD2AD /* le peche mignon.jpg in Resources */ = {isa = PBXBuildFile; fileRef = 3D2FC053113B0DA1002FD2AD /* le peche mignon.jpg */; };
		3DA6457F11393E92005D3F3F /* CoffeeShopMapAnnotationView.m in Sources */ = {isa = PBXBuildFile; fileRef = 3DA6457E11393E92005D3F3F /* CoffeeShopMapAnnotationView.m */; };
		3DA646E4113951C1005D3F3F /* coffee.jpg in Resources */ = {isa = PBXBuildFile; fileRef = 3DA646E3113951C1005D3F3F /* coffee.jpg */; };
		4C06B1B1111CE1AD00EEE115 /* CoreFoundation.framework in Frameworks */ = {isa = PBXBuildFile; fileRef = 4C06B1B0111CE1AD00EEE115 /* CoreFoundation.framework */; };
		4C4460A5111C8D5500BAEC5D /* MapKit.framework in Frameworks */ = {isa = PBXBuildFile; fileRef = 4C4460A4111C8D5500BAEC5D /* MapKit.framework */; };
		4C47D9E8113B33E300F83BCA /* icon.png in Resources */ = {isa = PBXBuildFile; fileRef = 4C47D9E7113B33E300F83BCA /* icon.png */; };
		4C83F547111CE380002FE85E /* GDataXMLNode.m in Sources */ = {isa = PBXBuildFile; fileRef = 4C83F546111CE380002FE85E /* GDataXMLNode.m */; };
		4C8A5F08113A962B000CA54B /* LoadingView.m in Sources */ = {isa = PBXBuildFile; fileRef = 4C8A5F07113A962B000CA54B /* LoadingView.m */; };
		4C8A5FB0113A9A39000CA54B /* QuartzCore.framework in Frameworks */ = {isa = PBXBuildFile; fileRef = 4C8A5FAF113A9A39000CA54B /* QuartzCore.framework */; };
		4C9CBBD9111C918E00C945AD /* CoreLocation.framework in Frameworks */ = {isa = PBXBuildFile; fileRef = 4C9CBBD8111C918E00C945AD /* CoreLocation.framework */; };
		4CE587461134A07200BFC93A /* CoffeeShopList.m in Sources */ = {isa = PBXBuildFile; fileRef = 4CE587451134A07200BFC93A /* CoffeeShopList.m */; };
		4CE587971134A30200BFC93A /* CoffeeShopMapDelegate.m in Sources */ = {isa = PBXBuildFile; fileRef = 4CE587961134A30200BFC93A /* CoffeeShopMapDelegate.m */; };
		4CE588951134A85400BFC93A /* CoffeeShopMapAnnotation.m in Sources */ = {isa = PBXBuildFile; fileRef = 4CE588941134A85400BFC93A /* CoffeeShopMapAnnotation.m */; };
		4CEEC417111D804500D52DA2 /* libxml2.dylib in Frameworks */ = {isa = PBXBuildFile; fileRef = 4CEEC416111D804500D52DA2 /* libxml2.dylib */; };
		4CEFEECC111DDB78001B5381 /* CoffeeShopRepository.m in Sources */ = {isa = PBXBuildFile; fileRef = 4CEFEECB111DDB78001B5381 /* CoffeeShopRepository.m */; };
		4CEFEF70111DE1D4001B5381 /* CoffeeShop.m in Sources */ = {isa = PBXBuildFile; fileRef = 4CEFEF6F111DE1D4001B5381 /* CoffeeShop.m */; };
/* End PBXBuildFile section */

/* Begin PBXFileReference section */
		1D30AB110D05D00D00671497 /* Foundation.framework */ = {isa = PBXFileReference; lastKnownFileType = wrapper.framework; name = Foundation.framework; path = System/Library/Frameworks/Foundation.framework; sourceTree = SDKROOT; };
		1D3623240D0F684500981E51 /* CoffeeSnobAppDelegate.h */ = {isa = PBXFileReference; fileEncoding = 4; lastKnownFileType = sourcecode.c.h; path = CoffeeSnobAppDelegate.h; sourceTree = "<group>"; };
		1D3623250D0F684500981E51 /* CoffeeSnobAppDelegate.m */ = {isa = PBXFileReference; fileEncoding = 4; lastKnownFileType = sourcecode.c.objc; path = CoffeeSnobAppDelegate.m; sourceTree = "<group>"; };
		1D6058910D05DD3D006BFB54 /* CoffeeMap.app */ = {isa = PBXFileReference; explicitFileType = wrapper.application; includeInIndex = 0; path = CoffeeMap.app; sourceTree = BUILT_PRODUCTS_DIR; };
		1DF5F4DF0D08C38300B7A737 /* UIKit.framework */ = {isa = PBXFileReference; lastKnownFileType = wrapper.framework; name = UIKit.framework; path = System/Library/Frameworks/UIKit.framework; sourceTree = SDKROOT; };
		28216C950DB411BC00E5133A /* MainViewController.h */ = {isa = PBXFileReference; fileEncoding = 4; lastKnownFileType = sourcecode.c.h; path = MainViewController.h; sourceTree = "<group>"; };
		28216C960DB411BC00E5133A /* MainViewController.m */ = {isa = PBXFileReference; fileEncoding = 4; lastKnownFileType = sourcecode.c.objc; path = MainViewController.m; sourceTree = "<group>"; };
		288765070DF74369002DB57D /* CoreGraphics.framework */ = {isa = PBXFileReference; lastKnownFileType = wrapper.framework; name = CoreGraphics.framework; path = System/Library/Frameworks/CoreGraphics.framework; sourceTree = SDKROOT; };
		28A0AB4B0D9B1048005BE974 /* CoffeeSnob_Prefix.pch */ = {isa = PBXFileReference; fileEncoding = 4; lastKnownFileType = sourcecode.c.h; path = CoffeeSnob_Prefix.pch; sourceTree = "<group>"; };
		28AD73870D9D96C1002E5188 /* MainWindow.xib */ = {isa = PBXFileReference; lastKnownFileType = file.xib; path = MainWindow.xib; sourceTree = "<group>"; };
		29B97316FDCFA39411CA2CEA /* main.m */ = {isa = PBXFileReference; fileEncoding = 4; lastKnownFileType = sourcecode.c.objc; path = main.m; sourceTree = "<group>"; };
		3D1CF511113317A50009F2A3 /* CoffeeShopMap.h */ = {isa = PBXFileReference; fileEncoding = 4; lastKnownFileType = sourcecode.c.h; path = CoffeeShopMap.h; sourceTree = "<group>"; };
		3D1CF512113317A50009F2A3 /* CoffeeShopMap.m */ = {isa = PBXFileReference; fileEncoding = 4; lastKnownFileType = sourcecode.c.objc; path = CoffeeShopMap.m; sourceTree = "<group>"; };
		3D2FBE40113AE7D6002FD2AD /* CoffeeShopView.h */ = {isa = PBXFileReference; fileEncoding = 4; lastKnownFileType = sourcecode.c.h; path = CoffeeShopView.h; sourceTree = "<group>"; };
		3D2FBE41113AE7D6002FD2AD /* CoffeeShopView.m */ = {isa = PBXFileReference; fileEncoding = 4; lastKnownFileType = sourcecode.c.objc; path = CoffeeShopView.m; sourceTree = "<group>"; };
		3D2FC051113B0D9B002FD2AD /* tina, we salute you.jpg */ = {isa = PBXFileReference; lastKnownFileType = image.jpeg; path = "tina, we salute you.jpg"; sourceTree = "<group>"; };
		3D2FC053113B0DA1002FD2AD /* le peche mignon.jpg */ = {isa = PBXFileReference; lastKnownFileType = image.jpeg; path = "le peche mignon.jpg"; sourceTree = "<group>"; };
		3DA6457D11393E92005D3F3F /* CoffeeShopMapAnnotationView.h */ = {isa = PBXFileReference; fileEncoding = 4; lastKnownFileType = sourcecode.c.h; path = CoffeeShopMapAnnotationView.h; sourceTree = "<group>"; };
		3DA6457E11393E92005D3F3F /* CoffeeShopMapAnnotationView.m */ = {isa = PBXFileReference; fileEncoding = 4; lastKnownFileType = sourcecode.c.objc; path = CoffeeShopMapAnnotationView.m; sourceTree = "<group>"; };
		3DA646E3113951C1005D3F3F /* coffee.jpg */ = {isa = PBXFileReference; lastKnownFileType = image.jpeg; path = coffee.jpg; sourceTree = "<group>"; };
		4C06B1B0111CE1AD00EEE115 /* CoreFoundation.framework */ = {isa = PBXFileReference; lastKnownFileType = wrapper.framework; name = CoreFoundation.framework; path = System/Library/Frameworks/CoreFoundation.framework; sourceTree = SDKROOT; };
		4C4460A4111C8D5500BAEC5D /* MapKit.framework */ = {isa = PBXFileReference; lastKnownFileType = wrapper.framework; name = MapKit.framework; path = System/Library/Frameworks/MapKit.framework; sourceTree = SDKROOT; };
		4C47D9E7113B33E300F83BCA /* icon.png */ = {isa = PBXFileReference; lastKnownFileType = image.png; name = icon.png; path = ../../iPhone/CoffeeSnob/icon.png; sourceTree = SOURCE_ROOT; };
		4C83F545111CE380002FE85E /* GDataXMLNode.h */ = {isa = PBXFileReference; fileEncoding = 4; lastKnownFileType = sourcecode.c.h; name = GDataXMLNode.h; path = Classes/GDataXMLNode.h; sourceTree = "<group>"; };
		4C83F546111CE380002FE85E /* GDataXMLNode.m */ = {isa = PBXFileReference; fileEncoding = 4; lastKnownFileType = sourcecode.c.objc; name = GDataXMLNode.m; path = Classes/GDataXMLNode.m; sourceTree = "<group>"; };
		4C8A5F06113A962B000CA54B /* LoadingView.h */ = {isa = PBXFileReference; fileEncoding = 4; lastKnownFileType = sourcecode.c.h; path = LoadingView.h; sourceTree = "<group>"; };
		4C8A5F07113A962B000CA54B /* LoadingView.m */ = {isa = PBXFileReference; fileEncoding = 4; lastKnownFileType = sourcecode.c.objc; path = LoadingView.m; sourceTree = "<group>"; };
		4C8A5FAF113A9A39000CA54B /* QuartzCore.framework */ = {isa = PBXFileReference; lastKnownFileType = wrapper.framework; name = QuartzCore.framework; path = System/Library/Frameworks/QuartzCore.framework; sourceTree = SDKROOT; };
		4C9CBBD8111C918E00C945AD /* CoreLocation.framework */ = {isa = PBXFileReference; lastKnownFileType = wrapper.framework; name = CoreLocation.framework; path = System/Library/Frameworks/CoreLocation.framework; sourceTree = SDKROOT; };
		4CE587441134A07200BFC93A /* CoffeeShopList.h */ = {isa = PBXFileReference; fileEncoding = 4; lastKnownFileType = sourcecode.c.h; path = CoffeeShopList.h; sourceTree = "<group>"; };
		4CE587451134A07200BFC93A /* CoffeeShopList.m */ = {isa = PBXFileReference; fileEncoding = 4; lastKnownFileType = sourcecode.c.objc; path = CoffeeShopList.m; sourceTree = "<group>"; };
		4CE587951134A30200BFC93A /* CoffeeShopMapDelegate.h */ = {isa = PBXFileReference; fileEncoding = 4; lastKnownFileType = sourcecode.c.h; path = CoffeeShopMapDelegate.h; sourceTree = "<group>"; };
		4CE587961134A30200BFC93A /* CoffeeShopMapDelegate.m */ = {isa = PBXFileReference; fileEncoding = 4; lastKnownFileType = sourcecode.c.objc; path = CoffeeShopMapDelegate.m; sourceTree = "<group>"; };
		4CE588931134A85400BFC93A /* CoffeeShopMapAnnotation.h */ = {isa = PBXFileReference; fileEncoding = 4; lastKnownFileType = sourcecode.c.h; path = CoffeeShopMapAnnotation.h; sourceTree = "<group>"; };
		4CE588941134A85400BFC93A /* CoffeeShopMapAnnotation.m */ = {isa = PBXFileReference; fileEncoding = 4; lastKnownFileType = sourcecode.c.objc; path = CoffeeShopMapAnnotation.m; sourceTree = "<group>"; };
		4CEEC416111D804500D52DA2 /* libxml2.dylib */ = {isa = PBXFileReference; lastKnownFileType = "compiled.mach-o.dylib"; name = libxml2.dylib; path = usr/lib/libxml2.dylib; sourceTree = SDKROOT; };
		4CEFEECA111DDB78001B5381 /* CoffeeShopRepository.h */ = {isa = PBXFileReference; fileEncoding = 4; lastKnownFileType = sourcecode.c.h; path = CoffeeShopRepository.h; sourceTree = "<group>"; };
		4CEFEECB111DDB78001B5381 /* CoffeeShopRepository.m */ = {isa = PBXFileReference; fileEncoding = 4; lastKnownFileType = sourcecode.c.objc; path = CoffeeShopRepository.m; sourceTree = "<group>"; };
		4CEFEF6E111DE1D4001B5381 /* CoffeeShop.h */ = {isa = PBXFileReference; fileEncoding = 4; lastKnownFileType = sourcecode.c.h; path = CoffeeShop.h; sourceTree = "<group>"; };
		4CEFEF6F111DE1D4001B5381 /* CoffeeShop.m */ = {isa = PBXFileReference; fileEncoding = 4; lastKnownFileType = sourcecode.c.objc; path = CoffeeShop.m; sourceTree = "<group>"; };
		8D1107310486CEB800E47090 /* CoffeeSnob-Info.plist */ = {isa = PBXFileReference; fileEncoding = 4; lastKnownFileType = text.plist.xml; path = "CoffeeSnob-Info.plist"; plistStructureDefinitionIdentifier = "com.apple.xcode.plist.structure-definition.iphone.info-plist"; sourceTree = "<group>"; };
/* End PBXFileReference section */

/* Begin PBXFrameworksBuildPhase section */
		1D60588F0D05DD3D006BFB54 /* Frameworks */ = {
			isa = PBXFrameworksBuildPhase;
			buildActionMask = 2147483647;
			files = (
				1D60589F0D05DD5A006BFB54 /* Foundation.framework in Frameworks */,
				1DF5F4E00D08C38300B7A737 /* UIKit.framework in Frameworks */,
				288765080DF74369002DB57D /* CoreGraphics.framework in Frameworks */,
				4C4460A5111C8D5500BAEC5D /* MapKit.framework in Frameworks */,
				4C9CBBD9111C918E00C945AD /* CoreLocation.framework in Frameworks */,
				4C06B1B1111CE1AD00EEE115 /* CoreFoundation.framework in Frameworks */,
				4CEEC417111D804500D52DA2 /* libxml2.dylib in Frameworks */,
				4C8A5FB0113A9A39000CA54B /* QuartzCore.framework in Frameworks */,
			);
			runOnlyForDeploymentPostprocessing = 0;
		};
/* End PBXFrameworksBuildPhase section */

/* Begin PBXGroup section */
		080E96DDFE201D6D7F000001 /* Classes */ = {
			isa = PBXGroup;
			children = (
				4C8A5F05113A960D000CA54B /* Views */,
				4CE587F91134A4F400BFC93A /* Model */,
				4CE587F81134A4DF00BFC93A /* Controllers */,
				1D3623240D0F684500981E51 /* CoffeeSnobAppDelegate.h */,
				1D3623250D0F684500981E51 /* CoffeeSnobAppDelegate.m */,
			);
			path = Classes;
			sourceTree = "<group>";
		};
		19C28FACFE9D520D11CA2CBB /* Products */ = {
			isa = PBXGroup;
			children = (
				1D6058910D05DD3D006BFB54 /* CoffeeMap.app */,
			);
			name = Products;
			sourceTree = "<group>";
		};
		29B97314FDCFA39411CA2CEA /* CoffeeSnob */ = {
			isa = PBXGroup;
			children = (
				4CC3D9C91135C97300E0925C /* Specs */,
				080E96DDFE201D6D7F000001 /* Classes */,
				29B97315FDCFA39411CA2CEA /* Other Sources */,
				29B97317FDCFA39411CA2CEA /* Resources-iPhone */,
				29B97323FDCFA39411CA2CEA /* Frameworks */,
				19C28FACFE9D520D11CA2CBB /* Products */,
			);
			name = CoffeeSnob;
			sourceTree = "<group>";
		};
		29B97315FDCFA39411CA2CEA /* Other Sources */ = {
			isa = PBXGroup;
			children = (
				4C83F545111CE380002FE85E /* GDataXMLNode.h */,
				4C83F546111CE380002FE85E /* GDataXMLNode.m */,
				28A0AB4B0D9B1048005BE974 /* CoffeeSnob_Prefix.pch */,
				29B97316FDCFA39411CA2CEA /* main.m */,
			);
			name = "Other Sources";
			sourceTree = "<group>";
		};
		29B97317FDCFA39411CA2CEA /* Resources-iPhone */ = {
			isa = PBXGroup;
			children = (
				4C47D9E7113B33E300F83BCA /* icon.png */,
				3D2FC051113B0D9B002FD2AD /* tina, we salute you.jpg */,
				3D2FC053113B0DA1002FD2AD /* le peche mignon.jpg */,
				3DA646E3113951C1005D3F3F /* coffee.jpg */,
				28AD73870D9D96C1002E5188 /* MainWindow.xib */,
				8D1107310486CEB800E47090 /* CoffeeSnob-Info.plist */,
			);
			name = "Resources-iPhone";
			sourceTree = "<group>";
		};
		29B97323FDCFA39411CA2CEA /* Frameworks */ = {
			isa = PBXGroup;
			children = (
				1DF5F4DF0D08C38300B7A737 /* UIKit.framework */,
				1D30AB110D05D00D00671497 /* Foundation.framework */,
				288765070DF74369002DB57D /* CoreGraphics.framework */,
				4C4460A4111C8D5500BAEC5D /* MapKit.framework */,
				4C9CBBD8111C918E00C945AD /* CoreLocation.framework */,
				4C06B1B0111CE1AD00EEE115 /* CoreFoundation.framework */,
				4CEEC416111D804500D52DA2 /* libxml2.dylib */,
				4C8A5FAF113A9A39000CA54B /* QuartzCore.framework */,
			);
			name = Frameworks;
			sourceTree = "<group>";
		};
		4C12F88C113AB3C200DAF84C /* Domain */ = {
			isa = PBXGroup;
			children = (
				4CEFEF6E111DE1D4001B5381 /* CoffeeShop.h */,
				4CEFEF6F111DE1D4001B5381 /* CoffeeShop.m */,
				4CE587441134A07200BFC93A /* CoffeeShopList.h */,
				4CE587451134A07200BFC93A /* CoffeeShopList.m */,
				3D1CF511113317A50009F2A3 /* CoffeeShopMap.h */,
				3D1CF512113317A50009F2A3 /* CoffeeShopMap.m */,
			);
			name = Domain;
			sourceTree = "<group>";
		};
		4C12F88D113AB3C800DAF84C /* Data */ = {
			isa = PBXGroup;
			children = (
				4CEFEECA111DDB78001B5381 /* CoffeeShopRepository.h */,
				4CEFEECB111DDB78001B5381 /* CoffeeShopRepository.m */,
			);
			name = Data;
			sourceTree = "<group>";
		};
		4C8A5F05113A960D000CA54B /* Views */ = {
			isa = PBXGroup;
			children = (
				4CE587951134A30200BFC93A /* CoffeeShopMapDelegate.h */,
				4CE587961134A30200BFC93A /* CoffeeShopMapDelegate.m */,
				4CE588931134A85400BFC93A /* CoffeeShopMapAnnotation.h */,
				4CE588941134A85400BFC93A /* CoffeeShopMapAnnotation.m */,
				3DA6457D11393E92005D3F3F /* CoffeeShopMapAnnotationView.h */,
				3DA6457E11393E92005D3F3F /* CoffeeShopMapAnnotationView.m */,
				4C8A5F06113A962B000CA54B /* LoadingView.h */,
				4C8A5F07113A962B000CA54B /* LoadingView.m */,
				3D2FBE40113AE7D6002FD2AD /* CoffeeShopView.h */,
				3D2FBE41113AE7D6002FD2AD /* CoffeeShopView.m */,
			);
			name = Views;
			sourceTree = "<group>";
		};
		4CC3D9C91135C97300E0925C /* Specs */ = {
			isa = PBXGroup;
			children = (
				4CC3DA481135D01B00E0925C /* Model */,
			);
			name = Specs;
			sourceTree = "<group>";
		};
		4CC3DA481135D01B00E0925C /* Model */ = {
			isa = PBXGroup;
			children = (
			);
			name = Model;
			sourceTree = "<group>";
		};
		4CE587F81134A4DF00BFC93A /* Controllers */ = {
			isa = PBXGroup;
			children = (
				28216C950DB411BC00E5133A /* MainViewController.h */,
				28216C960DB411BC00E5133A /* MainViewController.m */,
			);
			name = Controllers;
			sourceTree = "<group>";
		};
		4CE587F91134A4F400BFC93A /* Model */ = {
			isa = PBXGroup;
			children = (
				4C12F88D113AB3C800DAF84C /* Data */,
				4C12F88C113AB3C200DAF84C /* Domain */,
			);
			name = Model;
			sourceTree = "<group>";
		};
/* End PBXGroup section */

/* Begin PBXNativeTarget section */
		1D6058900D05DD3D006BFB54 /* CoffeeSnob */ = {
			isa = PBXNativeTarget;
			buildConfigurationList = 1D6058960D05DD3E006BFB54 /* Build configuration list for PBXNativeTarget "CoffeeSnob" */;
			buildPhases = (
				1D60588D0D05DD3D006BFB54 /* Resources */,
				1D60588E0D05DD3D006BFB54 /* Sources */,
				1D60588F0D05DD3D006BFB54 /* Frameworks */,
			);
			buildRules = (
			);
			dependencies = (
			);
			name = CoffeeSnob;
			productName = CoffeeSnob;
			productReference = 1D6058910D05DD3D006BFB54 /* CoffeeMap.app */;
			productType = "com.apple.product-type.application";
		};
/* End PBXNativeTarget section */

/* Begin PBXProject section */
		29B97313FDCFA39411CA2CEA /* Project object */ = {
			isa = PBXProject;
			buildConfigurationList = C01FCF4E08A954540054247B /* Build configuration list for PBXProject "CoffeeSnob" */;
			compatibilityVersion = "Xcode 3.1";
			hasScannedForEncodings = 1;
			mainGroup = 29B97314FDCFA39411CA2CEA /* CoffeeSnob */;
			projectDirPath = "";
			projectRoot = "";
			targets = (
				1D6058900D05DD3D006BFB54 /* CoffeeSnob */,
			);
		};
/* End PBXProject section */

/* Begin PBXResourcesBuildPhase section */
		1D60588D0D05DD3D006BFB54 /* Resources */ = {
			isa = PBXResourcesBuildPhase;
			buildActionMask = 2147483647;
			files = (
				28AD73880D9D96C1002E5188 /* MainWindow.xib in Resources */,
				3DA646E4113951C1005D3F3F /* coffee.jpg in Resources */,
				3D2FC052113B0D9B002FD2AD /* tina, we salute you.jpg in Resources */,
				3D2FC054113B0DA1002FD2AD /* le peche mignon.jpg in Resources */,
				4C47D9E8113B33E300F83BCA /* icon.png in Resources */,
			);
			runOnlyForDeploymentPostprocessing = 0;
		};
/* End PBXResourcesBuildPhase section */

/* Begin PBXSourcesBuildPhase section */
		1D60588E0D05DD3D006BFB54 /* Sources */ = {
			isa = PBXSourcesBuildPhase;
			buildActionMask = 2147483647;
			files = (
				1D60589B0D05DD56006BFB54 /* main.m in Sources */,
				1D3623260D0F684500981E51 /* CoffeeSnobAppDelegate.m in Sources */,
				28216C970DB411BC00E5133A /* MainViewController.m in Sources */,
				4C83F547111CE380002FE85E /* GDataXMLNode.m in Sources */,
				4CEFEECC111DDB78001B5381 /* CoffeeShopRepository.m in Sources */,
				4CEFEF70111DE1D4001B5381 /* CoffeeShop.m in Sources */,
				3D1CF513113317A50009F2A3 /* CoffeeShopMap.m in Sources */,
				4CE587461134A07200BFC93A /* CoffeeShopList.m in Sources */,
				4CE587971134A30200BFC93A /* CoffeeShopMapDelegate.m in Sources */,
				4CE588951134A85400BFC93A /* CoffeeShopMapAnnotation.m in Sources */,
				3DA6457F11393E92005D3F3F /* CoffeeShopMapAnnotationView.m in Sources */,
				4C8A5F08113A962B000CA54B /* LoadingView.m in Sources */,
				3D2FBE42113AE7D6002FD2AD /* CoffeeShopView.m in Sources */,
			);
			runOnlyForDeploymentPostprocessing = 0;
		};
/* End PBXSourcesBuildPhase section */

/* Begin XCBuildConfiguration section */
		1D6058940D05DD3E006BFB54 /* Debug */ = {
			isa = XCBuildConfiguration;
			buildSettings = {
				ALWAYS_SEARCH_USER_PATHS = NO;
				COPY_PHASE_STRIP = NO;
				GCC_DYNAMIC_NO_PIC = NO;
				GCC_OPTIMIZATION_LEVEL = 0;
				GCC_PRECOMPILE_PREFIX_HEADER = YES;
				GCC_PREFIX_HEADER = CoffeeSnob_Prefix.pch;
				INFOPLIST_FILE = "CoffeeSnob-Info.plist";
				LIBRARY_SEARCH_PATHS = (
					"$(inherited)",
					"\"$(SRCROOT)/Vendor/UISpec\"",
				);
				PRODUCT_NAME = CoffeeMap;
			};
			name = Debug;
		};
		1D6058950D05DD3E006BFB54 /* Release */ = {
			isa = XCBuildConfiguration;
			buildSettings = {
				ALWAYS_SEARCH_USER_PATHS = NO;
				COPY_PHASE_STRIP = YES;
				GCC_PRECOMPILE_PREFIX_HEADER = YES;
				GCC_PREFIX_HEADER = CoffeeSnob_Prefix.pch;
				INFOPLIST_FILE = "CoffeeSnob-Info.plist";
				LIBRARY_SEARCH_PATHS = (
					"$(inherited)",
					"\"$(SRCROOT)/Vendor/UISpec\"",
				);
				PRODUCT_NAME = CoffeeMap;
				VALIDATE_PRODUCT = YES;
			};
			name = Release;
		};
		C01FCF4F08A954540054247B /* Debug */ = {
			isa = XCBuildConfiguration;
			buildSettings = {
				ARCHS = "$(ARCHS_STANDARD_32_BIT)";
				"CODE_SIGN_IDENTITY[sdk=iphoneos*]" = "iPhone Developer";
				GCC_C_LANGUAGE_STANDARD = c99;
				GCC_WARN_ABOUT_RETURN_TYPE = YES;
				GCC_WARN_UNUSED_VARIABLE = YES;
				HEADER_SEARCH_PATHS = (
					"Vendor/UISpec/Headers/**",
					/usr/include/libxml2,
				);
				PREBINDING = NO;
				SDKROOT = iphoneos3.1.2;
				USER_HEADER_SEARCH_PATHS = "";
			};
			name = Debug;
		};
		C01FCF5008A954540054247B /* Release */ = {
			isa = XCBuildConfiguration;
			buildSettings = {
				ARCHS = "$(ARCHS_STANDARD_32_BIT)";
				"CODE_SIGN_IDENTITY[sdk=iphoneos*]" = "iPhone Developer";
				GCC_C_LANGUAGE_STANDARD = c99;
				GCC_WARN_ABOUT_RETURN_TYPE = YES;
				GCC_WARN_UNUSED_VARIABLE = YES;
				HEADER_SEARCH_PATHS = (
					"Vendor/UISpec/Headers/**",
					/usr/include/libxml2,
				);
				PREBINDING = NO;
				SDKROOT = iphoneos3.2;
			};
			name = Release;
		};
/* End XCBuildConfiguration section */

/* Begin XCConfigurationList section */
		1D6058960D05DD3E006BFB54 /* Build configuration list for PBXNativeTarget "CoffeeSnob" */ = {
			isa = XCConfigurationList;
			buildConfigurations = (
				1D6058940D05DD3E006BFB54 /* Debug */,
				1D6058950D05DD3E006BFB54 /* Release */,
			);
			defaultConfigurationIsVisible = 0;
			defaultConfigurationName = Release;
		};
		C01FCF4E08A954540054247B /* Build configuration list for PBXProject "CoffeeSnob" */ = {
			isa = XCConfigurationList;
			buildConfigurations = (
				C01FCF4F08A954540054247B /* Debug */,
				C01FCF5008A954540054247B /* Release */,
			);
			defaultConfigurationIsVisible = 0;
			defaultConfigurationName = Release;
		};
/* End XCConfigurationList section */
	};
	rootObject = 29B97313FDCFA39411CA2CEA /* Project object */;
}
